// !$*UTF8*$!
{
	archiveVersion = 1;
	classes = {
	};
	objectVersion = 50;
	objects = {

/* Begin PBXBuildFile section */
		026E4EAA90F1418EB9E904D2 /* libPods-Extension.a in Frameworks */ = {isa = PBXBuildFile; fileRef = 4E8E5A695497EFC61695084A /* libPods-Extension.a */; };
		1512F4FBA2837A78AC41B56D /* libPods-Calender.a in Frameworks */ = {isa = PBXBuildFile; fileRef = BDA7F81AEFD82816A6D92B44 /* libPods-Calender.a */; };
		C70E9471209020CE00402C77 /* AppDelegate.m in Sources */ = {isa = PBXBuildFile; fileRef = C70E9470209020CE00402C77 /* AppDelegate.m */; };
		C70E9474209020CE00402C77 /* ViewController.m in Sources */ = {isa = PBXBuildFile; fileRef = C70E9473209020CE00402C77 /* ViewController.m */; };
		C70E9477209020CE00402C77 /* Main.storyboard in Resources */ = {isa = PBXBuildFile; fileRef = C70E9475209020CE00402C77 /* Main.storyboard */; };
		C70E9479209020CF00402C77 /* Assets.xcassets in Resources */ = {isa = PBXBuildFile; fileRef = C70E9478209020CF00402C77 /* Assets.xcassets */; };
		C70E947C209020CF00402C77 /* LaunchScreen.storyboard in Resources */ = {isa = PBXBuildFile; fileRef = C70E947A209020CF00402C77 /* LaunchScreen.storyboard */; };
		C70E947F209020CF00402C77 /* main.m in Sources */ = {isa = PBXBuildFile; fileRef = C70E947E209020CF00402C77 /* main.m */; };
		C70E948C2090210200402C77 /* NotificationCenter.framework in Frameworks */ = {isa = PBXBuildFile; fileRef = C70E948B2090210200402C77 /* NotificationCenter.framework */; };
		C70E94902090210200402C77 /* TodayViewController.m in Sources */ = {isa = PBXBuildFile; fileRef = C70E948F2090210200402C77 /* TodayViewController.m */; };
		C70E94932090210200402C77 /* MainInterface.storyboard in Resources */ = {isa = PBXBuildFile; fileRef = C70E94912090210200402C77 /* MainInterface.storyboard */; };
		C70E94972090210200402C77 /* Extension.appex in Embed App Extensions */ = {isa = PBXBuildFile; fileRef = C70E94892090210200402C77 /* Extension.appex */; settings = {ATTRIBUTES = (RemoveHeadersOnCopy, ); }; };
/* End PBXBuildFile section */

/* Begin PBXContainerItemProxy section */
		C70E94952090210200402C77 /* PBXContainerItemProxy */ = {
			isa = PBXContainerItemProxy;
			containerPortal = C70E9464209020CE00402C77 /* Project object */;
			proxyType = 1;
			remoteGlobalIDString = C70E94882090210200402C77;
			remoteInfo = Extension;
		};
/* End PBXContainerItemProxy section */

/* Begin PBXCopyFilesBuildPhase section */
		C70E949B2090210200402C77 /* Embed App Extensions */ = {
			isa = PBXCopyFilesBuildPhase;
			buildActionMask = 2147483647;
			dstPath = "";
			dstSubfolderSpec = 13;
			files = (
				C70E94972090210200402C77 /* Extension.appex in Embed App Extensions */,
			);
			name = "Embed App Extensions";
			runOnlyForDeploymentPostprocessing = 0;
		};
/* End PBXCopyFilesBuildPhase section */

/* Begin PBXFileReference section */
		2A491C6B52B4C292F4F42EFF /* Pods-Extension.release.xcconfig */ = {isa = PBXFileReference; includeInIndex = 1; lastKnownFileType = text.xcconfig; name = "Pods-Extension.release.xcconfig"; path = "Pods/Target Support Files/Pods-Extension/Pods-Extension.release.xcconfig"; sourceTree = "<group>"; };
		372A0F5C47DA408D0600F113 /* Pods-Extension.debug.xcconfig */ = {isa = PBXFileReference; includeInIndex = 1; lastKnownFileType = text.xcconfig; name = "Pods-Extension.debug.xcconfig"; path = "Pods/Target Support Files/Pods-Extension/Pods-Extension.debug.xcconfig"; sourceTree = "<group>"; };
		4E8E5A695497EFC61695084A /* libPods-Extension.a */ = {isa = PBXFileReference; explicitFileType = archive.ar; includeInIndex = 0; path = "libPods-Extension.a"; sourceTree = BUILT_PRODUCTS_DIR; };
		8543132828995B6D777DBA45 /* Pods-Calender.debug.xcconfig */ = {isa = PBXFileReference; includeInIndex = 1; lastKnownFileType = text.xcconfig; name = "Pods-Calender.debug.xcconfig"; path = "Pods/Target Support Files/Pods-Calender/Pods-Calender.debug.xcconfig"; sourceTree = "<group>"; };
		BDA7F81AEFD82816A6D92B44 /* libPods-Calender.a */ = {isa = PBXFileReference; explicitFileType = archive.ar; includeInIndex = 0; path = "libPods-Calender.a"; sourceTree = BUILT_PRODUCTS_DIR; };
		C70E946C209020CE00402C77 /* Calender.app */ = {isa = PBXFileReference; explicitFileType = wrapper.application; includeInIndex = 0; path = Calender.app; sourceTree = BUILT_PRODUCTS_DIR; };
		C70E946F209020CE00402C77 /* AppDelegate.h */ = {isa = PBXFileReference; lastKnownFileType = sourcecode.c.h; path = AppDelegate.h; sourceTree = "<group>"; };
		C70E9470209020CE00402C77 /* AppDelegate.m */ = {isa = PBXFileReference; lastKnownFileType = sourcecode.c.objc; path = AppDelegate.m; sourceTree = "<group>"; };
		C70E9472209020CE00402C77 /* ViewController.h */ = {isa = PBXFileReference; lastKnownFileType = sourcecode.c.h; path = ViewController.h; sourceTree = "<group>"; };
		C70E9473209020CE00402C77 /* ViewController.m */ = {isa = PBXFileReference; lastKnownFileType = sourcecode.c.objc; path = ViewController.m; sourceTree = "<group>"; };
		C70E9476209020CE00402C77 /* Base */ = {isa = PBXFileReference; lastKnownFileType = file.storyboard; name = Base; path = Base.lproj/Main.storyboard; sourceTree = "<group>"; };
		C70E9478209020CF00402C77 /* Assets.xcassets */ = {isa = PBXFileReference; lastKnownFileType = folder.assetcatalog; path = Assets.xcassets; sourceTree = "<group>"; };
		C70E947B209020CF00402C77 /* Base */ = {isa = PBXFileReference; lastKnownFileType = file.storyboard; name = Base; path = Base.lproj/LaunchScreen.storyboard; sourceTree = "<group>"; };
		C70E947D209020CF00402C77 /* Info.plist */ = {isa = PBXFileReference; lastKnownFileType = text.plist.xml; path = Info.plist; sourceTree = "<group>"; };
		C70E947E209020CF00402C77 /* main.m */ = {isa = PBXFileReference; lastKnownFileType = sourcecode.c.objc; path = main.m; sourceTree = "<group>"; };
		C70E94892090210200402C77 /* Extension.appex */ = {isa = PBXFileReference; explicitFileType = "wrapper.app-extension"; includeInIndex = 0; path = Extension.appex; sourceTree = BUILT_PRODUCTS_DIR; };
		C70E948B2090210200402C77 /* NotificationCenter.framework */ = {isa = PBXFileReference; lastKnownFileType = wrapper.framework; name = NotificationCenter.framework; path = System/Library/Frameworks/NotificationCenter.framework; sourceTree = SDKROOT; };
		C70E948E2090210200402C77 /* TodayViewController.h */ = {isa = PBXFileReference; lastKnownFileType = sourcecode.c.h; path = TodayViewController.h; sourceTree = "<group>"; };
		C70E948F2090210200402C77 /* TodayViewController.m */ = {isa = PBXFileReference; lastKnownFileType = sourcecode.c.objc; path = TodayViewController.m; sourceTree = "<group>"; };
		C70E94922090210200402C77 /* Base */ = {isa = PBXFileReference; lastKnownFileType = file.storyboard; name = Base; path = Base.lproj/MainInterface.storyboard; sourceTree = "<group>"; };
		C70E94942090210200402C77 /* Info.plist */ = {isa = PBXFileReference; lastKnownFileType = text.plist.xml; path = Info.plist; sourceTree = "<group>"; };
		F19AF90D6CD0EB3F9FD06264 /* Pods-Calender.release.xcconfig */ = {isa = PBXFileReference; includeInIndex = 1; lastKnownFileType = text.xcconfig; name = "Pods-Calender.release.xcconfig"; path = "Pods/Target Support Files/Pods-Calender/Pods-Calender.release.xcconfig"; sourceTree = "<group>"; };
/* End PBXFileReference section */

/* Begin PBXFrameworksBuildPhase section */
		C70E9469209020CE00402C77 /* Frameworks */ = {
			isa = PBXFrameworksBuildPhase;
			buildActionMask = 2147483647;
			files = (
				1512F4FBA2837A78AC41B56D /* libPods-Calender.a in Frameworks */,
			);
			runOnlyForDeploymentPostprocessing = 0;
		};
		C70E94862090210200402C77 /* Frameworks */ = {
			isa = PBXFrameworksBuildPhase;
			buildActionMask = 2147483647;
			files = (
				C70E948C2090210200402C77 /* NotificationCenter.framework in Frameworks */,
				026E4EAA90F1418EB9E904D2 /* libPods-Extension.a in Frameworks */,
			);
			runOnlyForDeploymentPostprocessing = 0;
		};
/* End PBXFrameworksBuildPhase section */

/* Begin PBXGroup section */
		4CFE24E043BF929B60218287 /* Pods */ = {
			isa = PBXGroup;
			children = (
				8543132828995B6D777DBA45 /* Pods-Calender.debug.xcconfig */,
				F19AF90D6CD0EB3F9FD06264 /* Pods-Calender.release.xcconfig */,
				372A0F5C47DA408D0600F113 /* Pods-Extension.debug.xcconfig */,
				2A491C6B52B4C292F4F42EFF /* Pods-Extension.release.xcconfig */,
			);
			name = Pods;
			sourceTree = "<group>";
		};
		C70E9463209020CE00402C77 = {
			isa = PBXGroup;
			children = (
				C70E946E209020CE00402C77 /* Calender */,
				C70E948D2090210200402C77 /* Extension */,
				C70E948A2090210200402C77 /* Frameworks */,
				C70E946D209020CE00402C77 /* Products */,
				4CFE24E043BF929B60218287 /* Pods */,
			);
			sourceTree = "<group>";
		};
		C70E946D209020CE00402C77 /* Products */ = {
			isa = PBXGroup;
			children = (
				C70E946C209020CE00402C77 /* Calender.app */,
				C70E94892090210200402C77 /* Extension.appex */,
			);
			name = Products;
			sourceTree = "<group>";
		};
		C70E946E209020CE00402C77 /* Calender */ = {
			isa = PBXGroup;
			children = (
				C70E946F209020CE00402C77 /* AppDelegate.h */,
				C70E9470209020CE00402C77 /* AppDelegate.m */,
				C70E9472209020CE00402C77 /* ViewController.h */,
				C70E9473209020CE00402C77 /* ViewController.m */,
				C70E9475209020CE00402C77 /* Main.storyboard */,
				C70E9478209020CF00402C77 /* Assets.xcassets */,
				C70E947A209020CF00402C77 /* LaunchScreen.storyboard */,
				C70E947D209020CF00402C77 /* Info.plist */,
				C70E947E209020CF00402C77 /* main.m */,
			);
			path = Calender;
			sourceTree = "<group>";
		};
		C70E948A2090210200402C77 /* Frameworks */ = {
			isa = PBXGroup;
			children = (
				C70E948B2090210200402C77 /* NotificationCenter.framework */,
				BDA7F81AEFD82816A6D92B44 /* libPods-Calender.a */,
				4E8E5A695497EFC61695084A /* libPods-Extension.a */,
			);
			name = Frameworks;
			sourceTree = "<group>";
		};
		C70E948D2090210200402C77 /* Extension */ = {
			isa = PBXGroup;
			children = (
				C70E948E2090210200402C77 /* TodayViewController.h */,
				C70E948F2090210200402C77 /* TodayViewController.m */,
				C70E94912090210200402C77 /* MainInterface.storyboard */,
				C70E94942090210200402C77 /* Info.plist */,
			);
			path = Extension;
			sourceTree = "<group>";
		};
/* End PBXGroup section */

/* Begin PBXNativeTarget section */
		C70E946B209020CE00402C77 /* Calender */ = {
			isa = PBXNativeTarget;
			buildConfigurationList = C70E9482209020CF00402C77 /* Build configuration list for PBXNativeTarget "Calender" */;
			buildPhases = (
				6011F3F37ED966E12A977EA4 /* [CP] Check Pods Manifest.lock */,
				C70E9468209020CE00402C77 /* Sources */,
				C70E9469209020CE00402C77 /* Frameworks */,
				C70E946A209020CE00402C77 /* Resources */,
				C70E949B2090210200402C77 /* Embed App Extensions */,
				BEAA9AE224DDD07AD83216D7 /* [CP] Embed Pods Frameworks */,
				D1933DF51E5DACBCD10CB96A /* [CP] Copy Pods Resources */,
			);
			buildRules = (
			);
			dependencies = (
				C70E94962090210200402C77 /* PBXTargetDependency */,
			);
			name = Calender;
			productName = Calender;
			productReference = C70E946C209020CE00402C77 /* Calender.app */;
			productType = "com.apple.product-type.application";
		};
		C70E94882090210200402C77 /* Extension */ = {
			isa = PBXNativeTarget;
			buildConfigurationList = C70E94982090210200402C77 /* Build configuration list for PBXNativeTarget "Extension" */;
			buildPhases = (
				44D86CE4DAFC41C55594F8BF /* [CP] Check Pods Manifest.lock */,
				C70E94852090210200402C77 /* Sources */,
				C70E94862090210200402C77 /* Frameworks */,
				C70E94872090210200402C77 /* Resources */,
				A569587A4085DF702ADD97B2 /* [CP] Copy Pods Resources */,
			);
			buildRules = (
			);
			dependencies = (
			);
			name = Extension;
			productName = Extension;
			productReference = C70E94892090210200402C77 /* Extension.appex */;
			productType = "com.apple.product-type.app-extension";
		};
/* End PBXNativeTarget section */

/* Begin PBXProject section */
		C70E9464209020CE00402C77 /* Project object */ = {
			isa = PBXProject;
			attributes = {
				CLASSPREFIX = RT;
				LastUpgradeCheck = 0930;
				ORGANIZATIONNAME = tramp;
				TargetAttributes = {
					C70E946B209020CE00402C77 = {
						CreatedOnToolsVersion = 9.3;
					};
					C70E94882090210200402C77 = {
						CreatedOnToolsVersion = 9.3;
					};
				};
			};
			buildConfigurationList = C70E9467209020CE00402C77 /* Build configuration list for PBXProject "Calender" */;
			compatibilityVersion = "Xcode 9.3";
			developmentRegion = en;
			hasScannedForEncodings = 0;
			knownRegions = (
				en,
				Base,
			);
			mainGroup = C70E9463209020CE00402C77;
			productRefGroup = C70E946D209020CE00402C77 /* Products */;
			projectDirPath = "";
			projectRoot = "";
			targets = (
				C70E946B209020CE00402C77 /* Calender */,
				C70E94882090210200402C77 /* Extension */,
			);
		};
/* End PBXProject section */

/* Begin PBXResourcesBuildPhase section */
		C70E946A209020CE00402C77 /* Resources */ = {
			isa = PBXResourcesBuildPhase;
			buildActionMask = 2147483647;
			files = (
				C70E947C209020CF00402C77 /* LaunchScreen.storyboard in Resources */,
				C70E9479209020CF00402C77 /* Assets.xcassets in Resources */,
				C70E9477209020CE00402C77 /* Main.storyboard in Resources */,
			);
			runOnlyForDeploymentPostprocessing = 0;
		};
		C70E94872090210200402C77 /* Resources */ = {
			isa = PBXResourcesBuildPhase;
			buildActionMask = 2147483647;
			files = (
				C70E94932090210200402C77 /* MainInterface.storyboard in Resources */,
			);
			runOnlyForDeploymentPostprocessing = 0;
		};
/* End PBXResourcesBuildPhase section */

/* Begin PBXShellScriptBuildPhase section */
		44D86CE4DAFC41C55594F8BF /* [CP] Check Pods Manifest.lock */ = {
			isa = PBXShellScriptBuildPhase;
			buildActionMask = 2147483647;
			files = (
			);
			inputPaths = (
				"${PODS_PODFILE_DIR_PATH}/Podfile.lock",
				"${PODS_ROOT}/Manifest.lock",
			);
			name = "[CP] Check Pods Manifest.lock";
			outputPaths = (
				"$(DERIVED_FILE_DIR)/Pods-Extension-checkManifestLockResult.txt",
			);
			runOnlyForDeploymentPostprocessing = 0;
			shellPath = /bin/sh;
			shellScript = "diff \"${PODS_PODFILE_DIR_PATH}/Podfile.lock\" \"${PODS_ROOT}/Manifest.lock\" > /dev/null\nif [ $? != 0 ] ; then\n    # print error to STDERR\n    echo \"error: The sandbox is not in sync with the Podfile.lock. Run 'pod install' or update your CocoaPods installation.\" >&2\n    exit 1\nfi\n# This output is used by Xcode 'outputs' to avoid re-running this script phase.\necho \"SUCCESS\" > \"${SCRIPT_OUTPUT_FILE_0}\"\n";
			showEnvVarsInLog = 0;
		};
		6011F3F37ED966E12A977EA4 /* [CP] Check Pods Manifest.lock */ = {
			isa = PBXShellScriptBuildPhase;
			buildActionMask = 2147483647;
			files = (
			);
			inputPaths = (
				"${PODS_PODFILE_DIR_PATH}/Podfile.lock",
				"${PODS_ROOT}/Manifest.lock",
			);
			name = "[CP] Check Pods Manifest.lock";
			outputPaths = (
				"$(DERIVED_FILE_DIR)/Pods-Calender-checkManifestLockResult.txt",
			);
			runOnlyForDeploymentPostprocessing = 0;
			shellPath = /bin/sh;
			shellScript = "diff \"${PODS_PODFILE_DIR_PATH}/Podfile.lock\" \"${PODS_ROOT}/Manifest.lock\" > /dev/null\nif [ $? != 0 ] ; then\n    # print error to STDERR\n    echo \"error: The sandbox is not in sync with the Podfile.lock. Run 'pod install' or update your CocoaPods installation.\" >&2\n    exit 1\nfi\n# This output is used by Xcode 'outputs' to avoid re-running this script phase.\necho \"SUCCESS\" > \"${SCRIPT_OUTPUT_FILE_0}\"\n";
			showEnvVarsInLog = 0;
		};
		A569587A4085DF702ADD97B2 /* [CP] Copy Pods Resources */ = {
			isa = PBXShellScriptBuildPhase;
			buildActionMask = 2147483647;
			files = (
			);
			inputPaths = (
			);
			name = "[CP] Copy Pods Resources";
			outputPaths = (
			);
			runOnlyForDeploymentPostprocessing = 0;
			shellPath = /bin/sh;
			shellScript = "\"${SRCROOT}/Pods/Target Support Files/Pods-Extension/Pods-Extension-resources.sh\"\n";
			showEnvVarsInLog = 0;
		};
		BEAA9AE224DDD07AD83216D7 /* [CP] Embed Pods Frameworks */ = {
			isa = PBXShellScriptBuildPhase;
			buildActionMask = 2147483647;
			files = (
			);
			inputPaths = (
			);
			name = "[CP] Embed Pods Frameworks";
			outputPaths = (
			);
			runOnlyForDeploymentPostprocessing = 0;
			shellPath = /bin/sh;
			shellScript = "\"${SRCROOT}/Pods/Target Support Files/Pods-Calender/Pods-Calender-frameworks.sh\"\n";
			showEnvVarsInLog = 0;
		};
		D1933DF51E5DACBCD10CB96A /* [CP] Copy Pods Resources */ = {
			isa = PBXShellScriptBuildPhase;
			buildActionMask = 2147483647;
			files = (
			);
			inputPaths = (
			);
			name = "[CP] Copy Pods Resources";
			outputPaths = (
			);
			runOnlyForDeploymentPostprocessing = 0;
			shellPath = /bin/sh;
			shellScript = "\"${SRCROOT}/Pods/Target Support Files/Pods-Calender/Pods-Calender-resources.sh\"\n";
			showEnvVarsInLog = 0;
		};
/* End PBXShellScriptBuildPhase section */

/* Begin PBXSourcesBuildPhase section */
		C70E9468209020CE00402C77 /* Sources */ = {
			isa = PBXSourcesBuildPhase;
			buildActionMask = 2147483647;
			files = (
				C70E9474209020CE00402C77 /* ViewController.m in Sources */,
				C70E947F209020CF00402C77 /* main.m in Sources */,
				C70E9471209020CE00402C77 /* AppDelegate.m in Sources */,
			);
			runOnlyForDeploymentPostprocessing = 0;
		};
		C70E94852090210200402C77 /* Sources */ = {
			isa = PBXSourcesBuildPhase;
			buildActionMask = 2147483647;
			files = (
				C70E94902090210200402C77 /* TodayViewController.m in Sources */,
			);
			runOnlyForDeploymentPostprocessing = 0;
		};
/* End PBXSourcesBuildPhase section */

/* Begin PBXTargetDependency section */
		C70E94962090210200402C77 /* PBXTargetDependency */ = {
			isa = PBXTargetDependency;
			target = C70E94882090210200402C77 /* Extension */;
			targetProxy = C70E94952090210200402C77 /* PBXContainerItemProxy */;
		};
/* End PBXTargetDependency section */

/* Begin PBXVariantGroup section */
		C70E9475209020CE00402C77 /* Main.storyboard */ = {
			isa = PBXVariantGroup;
			children = (
				C70E9476209020CE00402C77 /* Base */,
			);
			name = Main.storyboard;
			sourceTree = "<group>";
		};
		C70E947A209020CF00402C77 /* LaunchScreen.storyboard */ = {
			isa = PBXVariantGroup;
			children = (
				C70E947B209020CF00402C77 /* Base */,
			);
			name = LaunchScreen.storyboard;
			sourceTree = "<group>";
		};
		C70E94912090210200402C77 /* MainInterface.storyboard */ = {
			isa = PBXVariantGroup;
			children = (
				C70E94922090210200402C77 /* Base */,
			);
			name = MainInterface.storyboard;
			sourceTree = "<group>";
		};
/* End PBXVariantGroup section */

/* Begin XCBuildConfiguration section */
		C70E9480209020CF00402C77 /* Debug */ = {
			isa = XCBuildConfiguration;
			buildSettings = {
				ALWAYS_SEARCH_USER_PATHS = NO;
				CLANG_ANALYZER_NONNULL = YES;
				CLANG_ANALYZER_NUMBER_OBJECT_CONVERSION = YES_AGGRESSIVE;
				CLANG_CXX_LANGUAGE_STANDARD = "gnu++14";
				CLANG_CXX_LIBRARY = "libc++";
				CLANG_ENABLE_MODULES = YES;
				CLANG_ENABLE_OBJC_ARC = YES;
				CLANG_ENABLE_OBJC_WEAK = YES;
				CLANG_WARN_BLOCK_CAPTURE_AUTORELEASING = YES;
				CLANG_WARN_BOOL_CONVERSION = YES;
				CLANG_WARN_COMMA = YES;
				CLANG_WARN_CONSTANT_CONVERSION = YES;
				CLANG_WARN_DEPRECATED_OBJC_IMPLEMENTATIONS = YES;
				CLANG_WARN_DIRECT_OBJC_ISA_USAGE = YES_ERROR;
				CLANG_WARN_DOCUMENTATION_COMMENTS = YES;
				CLANG_WARN_EMPTY_BODY = YES;
				CLANG_WARN_ENUM_CONVERSION = YES;
				CLANG_WARN_INFINITE_RECURSION = YES;
				CLANG_WARN_INT_CONVERSION = YES;
				CLANG_WARN_NON_LITERAL_NULL_CONVERSION = YES;
				CLANG_WARN_OBJC_IMPLICIT_RETAIN_SELF = YES;
				CLANG_WARN_OBJC_LITERAL_CONVERSION = YES;
				CLANG_WARN_OBJC_ROOT_CLASS = YES_ERROR;
				CLANG_WARN_RANGE_LOOP_ANALYSIS = YES;
				CLANG_WARN_STRICT_PROTOTYPES = YES;
				CLANG_WARN_SUSPICIOUS_MOVE = YES;
				CLANG_WARN_UNGUARDED_AVAILABILITY = YES_AGGRESSIVE;
				CLANG_WARN_UNREACHABLE_CODE = YES;
				CLANG_WARN__DUPLICATE_METHOD_MATCH = YES;
				CODE_SIGN_IDENTITY = "iPhone Developer";
				COPY_PHASE_STRIP = NO;
				DEBUG_INFORMATION_FORMAT = dwarf;
				ENABLE_STRICT_OBJC_MSGSEND = YES;
				ENABLE_TESTABILITY = YES;
				GCC_C_LANGUAGE_STANDARD = gnu11;
				GCC_DYNAMIC_NO_PIC = NO;
				GCC_NO_COMMON_BLOCKS = YES;
				GCC_OPTIMIZATION_LEVEL = 0;
				GCC_PREPROCESSOR_DEFINITIONS = (
					"DEBUG=1",
					"$(inherited)",
				);
				GCC_WARN_64_TO_32_BIT_CONVERSION = YES;
				GCC_WARN_ABOUT_RETURN_TYPE = YES_ERROR;
				GCC_WARN_UNDECLARED_SELECTOR = YES;
				GCC_WARN_UNINITIALIZED_AUTOS = YES_AGGRESSIVE;
				GCC_WARN_UNUSED_FUNCTION = YES;
				GCC_WARN_UNUSED_VARIABLE = YES;
				IPHONEOS_DEPLOYMENT_TARGET = 11.3;
				MTL_ENABLE_DEBUG_INFO = YES;
				ONLY_ACTIVE_ARCH = YES;
				SDKROOT = iphoneos;
			};
			name = Debug;
		};
		C70E9481209020CF00402C77 /* Release */ = {
			isa = XCBuildConfiguration;
			buildSettings = {
				ALWAYS_SEARCH_USER_PATHS = NO;
				CLANG_ANALYZER_NONNULL = YES;
				CLANG_ANALYZER_NUMBER_OBJECT_CONVERSION = YES_AGGRESSIVE;
				CLANG_CXX_LANGUAGE_STANDARD = "gnu++14";
				CLANG_CXX_LIBRARY = "libc++";
				CLANG_ENABLE_MODULES = YES;
				CLANG_ENABLE_OBJC_ARC = YES;
				CLANG_ENABLE_OBJC_WEAK = YES;
				CLANG_WARN_BLOCK_CAPTURE_AUTORELEASING = YES;
				CLANG_WARN_BOOL_CONVERSION = YES;
				CLANG_WARN_COMMA = YES;
				CLANG_WARN_CONSTANT_CONVERSION = YES;
				CLANG_WARN_DEPRECATED_OBJC_IMPLEMENTATIONS = YES;
				CLANG_WARN_DIRECT_OBJC_ISA_USAGE = YES_ERROR;
				CLANG_WARN_DOCUMENTATION_COMMENTS = YES;
				CLANG_WARN_EMPTY_BODY = YES;
				CLANG_WARN_ENUM_CONVERSION = YES;
				CLANG_WARN_INFINITE_RECURSION = YES;
				CLANG_WARN_INT_CONVERSION = YES;
				CLANG_WARN_NON_LITERAL_NULL_CONVERSION = YES;
				CLANG_WARN_OBJC_IMPLICIT_RETAIN_SELF = YES;
				CLANG_WARN_OBJC_LITERAL_CONVERSION = YES;
				CLANG_WARN_OBJC_ROOT_CLASS = YES_ERROR;
				CLANG_WARN_RANGE_LOOP_ANALYSIS = YES;
				CLANG_WARN_STRICT_PROTOTYPES = YES;
				CLANG_WARN_SUSPICIOUS_MOVE = YES;
				CLANG_WARN_UNGUARDED_AVAILABILITY = YES_AGGRESSIVE;
				CLANG_WARN_UNREACHABLE_CODE = YES;
				CLANG_WARN__DUPLICATE_METHOD_MATCH = YES;
				CODE_SIGN_IDENTITY = "iPhone Developer";
				COPY_PHASE_STRIP = NO;
				DEBUG_INFORMATION_FORMAT = "dwarf-with-dsym";
				ENABLE_NS_ASSERTIONS = NO;
				ENABLE_STRICT_OBJC_MSGSEND = YES;
				GCC_C_LANGUAGE_STANDARD = gnu11;
				GCC_NO_COMMON_BLOCKS = YES;
				GCC_WARN_64_TO_32_BIT_CONVERSION = YES;
				GCC_WARN_ABOUT_RETURN_TYPE = YES_ERROR;
				GCC_WARN_UNDECLARED_SELECTOR = YES;
				GCC_WARN_UNINITIALIZED_AUTOS = YES_AGGRESSIVE;
				GCC_WARN_UNUSED_FUNCTION = YES;
				GCC_WARN_UNUSED_VARIABLE = YES;
				IPHONEOS_DEPLOYMENT_TARGET = 11.3;
				MTL_ENABLE_DEBUG_INFO = NO;
				SDKROOT = iphoneos;
				VALIDATE_PRODUCT = YES;
			};
			name = Release;
		};
		C70E9483209020CF00402C77 /* Debug */ = {
			isa = XCBuildConfiguration;
			baseConfigurationReference = 8543132828995B6D777DBA45 /* Pods-Calender.debug.xcconfig */;
			buildSettings = {
				ASSETCATALOG_COMPILER_APPICON_NAME = AppIcon;
				ASSETCATALOG_COMPILER_LAUNCHIMAGE_NAME = LaunchImage;
				CODE_SIGN_STYLE = Automatic;
				DEVELOPMENT_TEAM = 6W77EGW7S3;
				INFOPLIST_FILE = Calender/Info.plist;
				IPHONEOS_DEPLOYMENT_TARGET = 9.0;
				LD_RUNPATH_SEARCH_PATHS = (
					"$(inherited)",
					"@executable_path/Frameworks",
				);
				PRODUCT_BUNDLE_IDENTIFIER = cn.com.sina.staff.tramp.Calender;
				PRODUCT_NAME = "$(TARGET_NAME)";
				TARGETED_DEVICE_FAMILY = "1,2";
			};
			name = Debug;
		};
		C70E9484209020CF00402C77 /* Release */ = {
			isa = XCBuildConfiguration;
			baseConfigurationReference = F19AF90D6CD0EB3F9FD06264 /* Pods-Calender.release.xcconfig */;
			buildSettings = {
				ASSETCATALOG_COMPILER_APPICON_NAME = AppIcon;
				ASSETCATALOG_COMPILER_LAUNCHIMAGE_NAME = LaunchImage;
				CODE_SIGN_STYLE = Automatic;
				DEVELOPMENT_TEAM = 6W77EGW7S3;
				INFOPLIST_FILE = Calender/Info.plist;
				IPHONEOS_DEPLOYMENT_TARGET = 9.0;
				LD_RUNPATH_SEARCH_PATHS = (
					"$(inherited)",
					"@executable_path/Frameworks",
				);
				PRODUCT_BUNDLE_IDENTIFIER = cn.com.sina.staff.tramp.Calender;
				PRODUCT_NAME = "$(TARGET_NAME)";
				TARGETED_DEVICE_FAMILY = "1,2";
			};
			name = Release;
		};
		C70E94992090210200402C77 /* Debug */ = {
			isa = XCBuildConfiguration;
			baseConfigurationReference = 372A0F5C47DA408D0600F113 /* Pods-Extension.debug.xcconfig */;
			buildSettings = {
				CODE_SIGN_STYLE = Automatic;
				DEVELOPMENT_TEAM = 6W77EGW7S3;
				INFOPLIST_FILE = Extension/Info.plist;
				IPHONEOS_DEPLOYMENT_TARGET = 9.0;
				LD_RUNPATH_SEARCH_PATHS = (
					"$(inherited)",
					"@executable_path/Frameworks",
					"@executable_path/../../Frameworks",
				);
				PRODUCT_BUNDLE_IDENTIFIER = cn.com.sina.staff.tramp.Calender.Extension;
				PRODUCT_NAME = "$(TARGET_NAME)";
				SKIP_INSTALL = YES;
				TARGETED_DEVICE_FAMILY = "1,2";
			};
			name = Debug;
		};
		C70E949A2090210200402C77 /* Release */ = {
			isa = XCBuildConfiguration;
			baseConfigurationReference = 2A491C6B52B4C292F4F42EFF /* Pods-Extension.release.xcconfig */;
			buildSettings = {
				CODE_SIGN_STYLE = Automatic;
				DEVELOPMENT_TEAM = 6W77EGW7S3;
				INFOPLIST_FILE = Extension/Info.plist;
				IPHONEOS_DEPLOYMENT_TARGET = 9.0;
				LD_RUNPATH_SEARCH_PATHS = (
					"$(inherited)",
					"@executable_path/Frameworks",
					"@executable_path/../../Frameworks",
				);
				PRODUCT_BUNDLE_IDENTIFIER = cn.com.sina.staff.tramp.Calender.Extension;
				PRODUCT_NAME = "$(TARGET_NAME)";
				SKIP_INSTALL = YES;
				TARGETED_DEVICE_FAMILY = "1,2";
			};
			name = Release;
		};
/* End XCBuildConfiguration section */

/* Begin XCConfigurationList section */
		C70E9467209020CE00402C77 /* Build configuration list for PBXProject "Calender" */ = {
			isa = XCConfigurationList;
			buildConfigurations = (
				C70E9480209020CF00402C77 /* Debug */,
				C70E9481209020CF00402C77 /* Release */,
			);
			defaultConfigurationIsVisible = 0;
			defaultConfigurationName = Release;
		};
		C70E9482209020CF00402C77 /* Build configuration list for PBXNativeTarget "Calender" */ = {
			isa = XCConfigurationList;
			buildConfigurations = (
				C70E9483209020CF00402C77 /* Debug */,
				C70E9484209020CF00402C77 /* Release */,
			);
			defaultConfigurationIsVisible = 0;
			defaultConfigurationName = Release;
		};
		C70E94982090210200402C77 /* Build configuration list for PBXNativeTarget "Extension" */ = {
			isa = XCConfigurationList;
			buildConfigurations = (
				C70E94992090210200402C77 /* Debug */,
				C70E949A2090210200402C77 /* Release */,
			);
			defaultConfigurationIsVisible = 0;
			defaultConfigurationName = Release;
		};
/* End XCConfigurationList section */
	};
	rootObject = C70E9464209020CE00402C77 /* Project object */;
}
